{"is_source_file": false, "format": null, "description": "", "external_files": [], "external_methods": [], "published": [], "classes": [], "methods": [], "calls": [], "search-terms": [], "state": 2, "file_id": 17, "knowledge_revision": 33, "git_revision": "0d6cddb5afdd294ef7f9ae3f508744aa67f5f0d7", "filename": "/home/kavia/workspace/code-generation/easycalc-25378-8be86f9e/easycalc/post_process_status.lock", "hash": "9c4ed7ef73e22b872b8055bec08b8979", "format-version": 4, "code-base-name": "default", "revision_history": [{"33": "0d6cddb5afdd294ef7f9ae3f508744aa67f5f0d7"}]}